// !$*UTF8*$!
{
	archiveVersion = 1;
	classes = {
	};
	objectVersion = 46;
	objects = {

/* Begin PBXBuildFile section */
		7D9D21671E12F3DC00655C22 /* AppDelegate.swift in Sources */ = {isa = PBXBuildFile; fileRef = 7D9D21661E12F3DC00655C22 /* AppDelegate.swift */; };
		7D9D21691E12F3DC00655C22 /* ViewController.swift in Sources */ = {isa = PBXBuildFile; fileRef = 7D9D21681E12F3DC00655C22 /* ViewController.swift */; };
		7D9D216C1E12F3DC00655C22 /* Main.storyboard in Resources */ = {isa = PBXBuildFile; fileRef = 7D9D216A1E12F3DC00655C22 /* Main.storyboard */; };
		7D9D216E1E12F3DC00655C22 /* Assets.xcassets in Resources */ = {isa = PBXBuildFile; fileRef = 7D9D216D1E12F3DC00655C22 /* Assets.xcassets */; };
		7D9D21711E12F3DC00655C22 /* LaunchScreen.storyboard in Resources */ = {isa = PBXBuildFile; fileRef = 7D9D216F1E12F3DC00655C22 /* LaunchScreen.storyboard */; };
		7D9D217C1E12F3DC00655C22 /* DictionaryIterationTests.swift in Sources */ = {isa = PBXBuildFile; fileRef = 7D9D217B1E12F3DC00655C22 /* DictionaryIterationTests.swift */; };
		7DF0E59A1E140A35005C986E /* DictionaryIteration.swift in Sources */ = {isa = PBXBuildFile; fileRef = 7DF0E5991E140A35005C986E /* DictionaryIteration.swift */; };
/* End PBXBuildFile section */

/* Begin PBXContainerItemProxy section */
		7D9D21781E12F3DC00655C22 /* PBXContainerItemProxy */ = {
			isa = PBXContainerItemProxy;
			containerPortal = 7D9D215B1E12F3DC00655C22 /* Project object */;
			proxyType = 1;
			remoteGlobalIDString = 7D9D21621E12F3DC00655C22;
			remoteInfo = DictionaryIteration;
		};
/* End PBXContainerItemProxy section */

/* Begin PBXFileReference section */
		7D9D21631E12F3DC00655C22 /* DictionaryIteration.app */ = {isa = PBXFileReference; explicitFileType = wrapper.application; includeInIndex = 0; path = DictionaryIteration.app; sourceTree = BUILT_PRODUCTS_DIR; };
		7D9D21661E12F3DC00655C22 /* AppDelegate.swift */ = {isa = PBXFileReference; lastKnownFileType = sourcecode.swift; path = AppDelegate.swift; sourceTree = "<group>"; };
		7D9D21681E12F3DC00655C22 /* ViewController.swift */ = {isa = PBXFileReference; lastKnownFileType = sourcecode.swift; path = ViewController.swift; sourceTree = "<group>"; };
		7D9D216B1E12F3DC00655C22 /* Base */ = {isa = PBXFileReference; lastKnownFileType = file.storyboard; name = Base; path = Base.lproj/Main.storyboard; sourceTree = "<group>"; };
		7D9D216D1E12F3DC00655C22 /* Assets.xcassets */ = {isa = PBXFileReference; lastKnownFileType = folder.assetcatalog; path = Assets.xcassets; sourceTree = "<group>"; };
		7D9D21701E12F3DC00655C22 /* Base */ = {isa = PBXFileReference; lastKnownFileType = file.storyboard; name = Base; path = Base.lproj/LaunchScreen.storyboard; sourceTree = "<group>"; };
		7D9D21721E12F3DC00655C22 /* Info.plist */ = {isa = PBXFileReference; lastKnownFileType = text.plist.xml; path = Info.plist; sourceTree = "<group>"; };
		7D9D21771E12F3DC00655C22 /* DictionaryIterationTests.xctest */ = {isa = PBXFileReference; explicitFileType = wrapper.cfbundle; includeInIndex = 0; path = DictionaryIterationTests.xctest; sourceTree = BUILT_PRODUCTS_DIR; };
		7D9D217B1E12F3DC00655C22 /* DictionaryIterationTests.swift */ = {isa = PBXFileReference; lastKnownFileType = sourcecode.swift; path = DictionaryIterationTests.swift; sourceTree = "<group>"; };
		7D9D217D1E12F3DC00655C22 /* Info.plist */ = {isa = PBXFileReference; lastKnownFileType = text.plist.xml; path = Info.plist; sourceTree = "<group>"; };
		7DF0E5991E140A35005C986E /* DictionaryIteration.swift */ = {isa = PBXFileReference; fileEncoding = 4; lastKnownFileType = sourcecode.swift; path = DictionaryIteration.swift; sourceTree = "<group>"; };
/* End PBXFileReference section */

/* Begin PBXFrameworksBuildPhase section */
		7D9D21601E12F3DC00655C22 /* Frameworks */ = {
			isa = PBXFrameworksBuildPhase;
			buildActionMask = 2147483647;
			files = (
			);
			runOnlyForDeploymentPostprocessing = 0;
		};
		7D9D21741E12F3DC00655C22 /* Frameworks */ = {
			isa = PBXFrameworksBuildPhase;
			buildActionMask = 2147483647;
			files = (
			);
			runOnlyForDeploymentPostprocessing = 0;
		};
/* End PBXFrameworksBuildPhase section */

/* Begin PBXGroup section */
		7D9D215A1E12F3DC00655C22 = {
			isa = PBXGroup;
			children = (
				7D9D21651E12F3DC00655C22 /* DictionaryIteration */,
				7D9D217A1E12F3DC00655C22 /* DictionaryIterationTests */,
				7D9D21641E12F3DC00655C22 /* Products */,
			);
			sourceTree = "<group>";
		};
		7D9D21641E12F3DC00655C22 /* Products */ = {
			isa = PBXGroup;
			children = (
				7D9D21631E12F3DC00655C22 /* DictionaryIteration.app */,
				7D9D21771E12F3DC00655C22 /* DictionaryIterationTests.xctest */,
			);
			name = Products;
			sourceTree = "<group>";
		};
		7D9D21651E12F3DC00655C22 /* DictionaryIteration */ = {
			isa = PBXGroup;
			children = (
				7DF0E5991E140A35005C986E /* DictionaryIteration.swift */,
				7DF0E59B1E140A3C005C986E /* Supporting Files */,
			);
			path = DictionaryIteration;
			sourceTree = "<group>";
		};
		7D9D217A1E12F3DC00655C22 /* DictionaryIterationTests */ = {
			isa = PBXGroup;
			children = (
				7D9D217B1E12F3DC00655C22 /* DictionaryIterationTests.swift */,
				7D9D217D1E12F3DC00655C22 /* Info.plist */,
			);
			path = DictionaryIterationTests;
			sourceTree = "<group>";
		};
		7DF0E59B1E140A3C005C986E /* Supporting Files */ = {
			isa = PBXGroup;
			children = (
				7D9D21661E12F3DC00655C22 /* AppDelegate.swift */,
				7D9D21681E12F3DC00655C22 /* ViewController.swift */,
				7D9D216A1E12F3DC00655C22 /* Main.storyboard */,
				7D9D216D1E12F3DC00655C22 /* Assets.xcassets */,
				7D9D216F1E12F3DC00655C22 /* LaunchScreen.storyboard */,
				7D9D21721E12F3DC00655C22 /* Info.plist */,
			);
			name = "Supporting Files";
			sourceTree = "<group>";
		};
/* End PBXGroup section */

/* Begin PBXNativeTarget section */
		7D9D21621E12F3DC00655C22 /* DictionaryIteration */ = {
			isa = PBXNativeTarget;
			buildConfigurationList = 7D9D21801E12F3DC00655C22 /* Build configuration list for PBXNativeTarget "DictionaryIteration" */;
			buildPhases = (
				7D9D215F1E12F3DC00655C22 /* Sources */,
				7D9D21601E12F3DC00655C22 /* Frameworks */,
				7D9D21611E12F3DC00655C22 /* Resources */,
			);
			buildRules = (
			);
			dependencies = (
			);
			name = DictionaryIteration;
			productName = DictionaryIteration;
			productReference = 7D9D21631E12F3DC00655C22 /* DictionaryIteration.app */;
			productType = "com.apple.product-type.application";
		};
		7D9D21761E12F3DC00655C22 /* DictionaryIterationTests */ = {
			isa = PBXNativeTarget;
			buildConfigurationList = 7D9D21831E12F3DC00655C22 /* Build configuration list for PBXNativeTarget "DictionaryIterationTests" */;
			buildPhases = (
				7D9D21731E12F3DC00655C22 /* Sources */,
				7D9D21741E12F3DC00655C22 /* Frameworks */,
				7D9D21751E12F3DC00655C22 /* Resources */,
			);
			buildRules = (
			);
			dependencies = (
				7D9D21791E12F3DC00655C22 /* PBXTargetDependency */,
			);
			name = DictionaryIterationTests;
			productName = DictionaryIterationTests;
			productReference = 7D9D21771E12F3DC00655C22 /* DictionaryIterationTests.xctest */;
			productType = "com.apple.product-type.bundle.unit-test";
		};
/* End PBXNativeTarget section */

/* Begin PBXProject section */
		7D9D215B1E12F3DC00655C22 /* Project object */ = {
			isa = PBXProject;
			attributes = {
				LastSwiftUpdateCheck = 0820;
				LastUpgradeCheck = 0820;
				ORGANIZATIONNAME = "Jim Campagno";
				TargetAttributes = {
					7D9D21621E12F3DC00655C22 = {
						CreatedOnToolsVersion = 8.2.1;
						DevelopmentTeam = 3E2QGNXM7N;
						ProvisioningStyle = Automatic;
					};
					7D9D21761E12F3DC00655C22 = {
						CreatedOnToolsVersion = 8.2.1;
						DevelopmentTeam = 3E2QGNXM7N;
						ProvisioningStyle = Automatic;
						TestTargetID = 7D9D21621E12F3DC00655C22;
					};
				};
			};
			buildConfigurationList = 7D9D215E1E12F3DC00655C22 /* Build configuration list for PBXProject "DictionaryIteration" */;
			compatibilityVersion = "Xcode 3.2";
			developmentRegion = English;
			hasScannedForEncodings = 0;
			knownRegions = (
				en,
				Base,
			);
			mainGroup = 7D9D215A1E12F3DC00655C22;
			productRefGroup = 7D9D21641E12F3DC00655C22 /* Products */;
			projectDirPath = "";
			projectRoot = "";
			targets = (
				7D9D21621E12F3DC00655C22 /* DictionaryIteration */,
				7D9D21761E12F3DC00655C22 /* DictionaryIterationTests */,
			);
		};
/* End PBXProject section */

/* Begin PBXResourcesBuildPhase section */
		7D9D21611E12F3DC00655C22 /* Resources */ = {
			isa = PBXResourcesBuildPhase;
			buildActionMask = 2147483647;
			files = (
				7D9D21711E12F3DC00655C22 /* LaunchScreen.storyboard in Resources */,
				7D9D216E1E12F3DC00655C22 /* Assets.xcassets in Resources */,
				7D9D216C1E12F3DC00655C22 /* Main.storyboard in Resources */,
			);
			runOnlyForDeploymentPostprocessing = 0;
		};
		7D9D21751E12F3DC00655C22 /* Resources */ = {
			isa = PBXResourcesBuildPhase;
			buildActionMask = 2147483647;
			files = (
			);
			runOnlyForDeploymentPostprocessing = 0;
		};
/* End PBXResourcesBuildPhase section */

/* Begin PBXSourcesBuildPhase section */
		7D9D215F1E12F3DC00655C22 /* Sources */ = {
			isa = PBXSourcesBuildPhase;
			buildActionMask = 2147483647;
			files = (
				7D9D21691E12F3DC00655C22 /* ViewController.swift in Sources */,
				7D9D21671E12F3DC00655C22 /* AppDelegate.swift in Sources */,
				7DF0E59A1E140A35005C986E /* DictionaryIteration.swift in Sources */,
			);
			runOnlyForDeploymentPostprocessing = 0;
		};
		7D9D21731E12F3DC00655C22 /* Sources */ = {
			isa = PBXSourcesBuildPhase;
			buildActionMask = 2147483647;
			files = (
				7D9D217C1E12F3DC00655C22 /* DictionaryIterationTests.swift in Sources */,
			);
			runOnlyForDeploymentPostprocessing = 0;
		};
/* End PBXSourcesBuildPhase section */

/* Begin PBXTargetDependency section */
		7D9D21791E12F3DC00655C22 /* PBXTargetDependency */ = {
			isa = PBXTargetDependency;
			target = 7D9D21621E12F3DC00655C22 /* DictionaryIteration */;
			targetProxy = 7D9D21781E12F3DC00655C22 /* PBXContainerItemProxy */;
		};
/* End PBXTargetDependency section */

/* Begin PBXVariantGroup section */
		7D9D216A1E12F3DC00655C22 /* Main.storyboard */ = {
			isa = PBXVariantGroup;
			children = (
				7D9D216B1E12F3DC00655C22 /* Base */,
			);
			name = Main.storyboard;
			sourceTree = "<group>";
		};
		7D9D216F1E12F3DC00655C22 /* LaunchScreen.storyboard */ = {
			isa = PBXVariantGroup;
			children = (
				7D9D21701E12F3DC00655C22 /* Base */,
			);
			name = LaunchScreen.storyboard;
			sourceTree = "<group>";
		};
/* End PBXVariantGroup section */

/* Begin XCBuildConfiguration section */
		7D9D217E1E12F3DC00655C22 /* Debug */ = {
			isa = XCBuildConfiguration;
			buildSettings = {
				ALWAYS_SEARCH_USER_PATHS = NO;
				CLANG_ANALYZER_NONNULL = YES;
				CLANG_CXX_LANGUAGE_STANDARD = "gnu++0x";
				CLANG_CXX_LIBRARY = "libc++";
				CLANG_ENABLE_MODULES = YES;
				CLANG_ENABLE_OBJC_ARC = YES;
				CLANG_WARN_BOOL_CONVERSION = YES;
				CLANG_WARN_CONSTANT_CONVERSION = YES;
				CLANG_WARN_DIRECT_OBJC_ISA_USAGE = YES_ERROR;
				CLANG_WARN_DOCUMENTATION_COMMENTS = YES;
				CLANG_WARN_EMPTY_BODY = YES;
				CLANG_WARN_ENUM_CONVERSION = YES;
				CLANG_WARN_INFINITE_RECURSION = YES;
				CLANG_WARN_INT_CONVERSION = YES;
				CLANG_WARN_OBJC_ROOT_CLASS = YES_ERROR;
				CLANG_WARN_SUSPICIOUS_MOVE = YES;
				CLANG_WARN_UNREACHABLE_CODE = YES;
				CLANG_WARN__DUPLICATE_METHOD_MATCH = YES;
				"CODE_SIGN_IDENTITY[sdk=iphoneos*]" = "iPhone Developer";
				COPY_PHASE_STRIP = NO;
				DEBUG_INFORMATION_FORMAT = dwarf;
				ENABLE_STRICT_OBJC_MSGSEND = YES;
				ENABLE_TESTABILITY = YES;
				GCC_C_LANGUAGE_STANDARD = gnu99;
				GCC_DYNAMIC_NO_PIC = NO;
				GCC_NO_COMMON_BLOCKS = YES;
				GCC_OPTIMIZATION_LEVEL = 0;
				GCC_PREPROCESSOR_DEFINITIONS = (
					"DEBUG=1",
					"$(inherited)",
				);
				GCC_WARN_64_TO_32_BIT_CONVERSION = YES;
				GCC_WARN_ABOUT_RETURN_TYPE = YES_ERROR;
				GCC_WARN_UNDECLARED_SELECTOR = YES;
				GCC_WARN_UNINITIALIZED_AUTOS = YES_AGGRESSIVE;
				GCC_WARN_UNUSED_FUNCTION = YES;
				GCC_WARN_UNUSED_VARIABLE = YES;
				IPHONEOS_DEPLOYMENT_TARGET = 10.2;
				MTL_ENABLE_DEBUG_INFO = YES;
				ONLY_ACTIVE_ARCH = YES;
				SDKROOT = iphoneos;
				SWIFT_ACTIVE_COMPILATION_CONDITIONS = DEBUG;
				SWIFT_OPTIMIZATION_LEVEL = "-Onone";
			};
			name = Debug;
		};
		7D9D217F1E12F3DC00655C22 /* Release */ = {
			isa = XCBuildConfiguration;
			buildSettings = {
				ALWAYS_SEARCH_USER_PATHS = NO;
				CLANG_ANALYZER_NONNULL = YES;
				CLANG_CXX_LANGUAGE_STANDARD = "gnu++0x";
				CLANG_CXX_LIBRARY = "libc++";
				CLANG_ENABLE_MODULES = YES;
				CLANG_ENABLE_OBJC_ARC = YES;
				CLANG_WARN_BOOL_CONVERSION = YES;
				CLANG_WARN_CONSTANT_CONVERSION = YES;
				CLANG_WARN_DIRECT_OBJC_ISA_USAGE = YES_ERROR;
				CLANG_WARN_DOCUMENTATION_COMMENTS = YES;
				CLANG_WARN_EMPTY_BODY = YES;
				CLANG_WARN_ENUM_CONVERSION = YES;
				CLANG_WARN_INFINITE_RECURSION = YES;
				CLANG_WARN_INT_CONVERSION = YES;
				CLANG_WARN_OBJC_ROOT_CLASS = YES_ERROR;
				CLANG_WARN_SUSPICIOUS_MOVE = YES;
				CLANG_WARN_UNREACHABLE_CODE = YES;
				CLANG_WARN__DUPLICATE_METHOD_MATCH = YES;
				"CODE_SIGN_IDENTITY[sdk=iphoneos*]" = "iPhone Developer";
				COPY_PHASE_STRIP = NO;
				DEBUG_INFORMATION_FORMAT = "dwarf-with-dsym";
				ENABLE_NS_ASSERTIONS = NO;
				ENABLE_STRICT_OBJC_MSGSEND = YES;
				GCC_C_LANGUAGE_STANDARD = gnu99;
				GCC_NO_COMMON_BLOCKS = YES;
				GCC_WARN_64_TO_32_BIT_CONVERSION = YES;
				GCC_WARN_ABOUT_RETURN_TYPE = YES_ERROR;
				GCC_WARN_UNDECLARED_SELECTOR = YES;
				GCC_WARN_UNINITIALIZED_AUTOS = YES_AGGRESSIVE;
				GCC_WARN_UNUSED_FUNCTION = YES;
				GCC_WARN_UNUSED_VARIABLE = YES;
				IPHONEOS_DEPLOYMENT_TARGET = 10.2;
				MTL_ENABLE_DEBUG_INFO = NO;
				SDKROOT = iphoneos;
				SWIFT_OPTIMIZATION_LEVEL = "-Owholemodule";
				VALIDATE_PRODUCT = YES;
			};
			name = Release;
		};
		7D9D21811E12F3DC00655C22 /* Debug */ = {
			isa = XCBuildConfiguration;
			buildSettings = {
				ASSETCATALOG_COMPILER_APPICON_NAME = AppIcon;
				DEVELOPMENT_TEAM = 3E2QGNXM7N;
				INFOPLIST_FILE = DictionaryIteration/Info.plist;
				LD_RUNPATH_SEARCH_PATHS = "$(inherited) @executable_path/Frameworks";
				PRODUCT_BUNDLE_IDENTIFIER = com.JimCampagno.Swift.DictionaryIteration;
				PRODUCT_NAME = "$(TARGET_NAME)";
				SWIFT_VERSION = 3.0;
			};
			name = Debug;
		};
		7D9D21821E12F3DC00655C22 /* Release */ = {
			isa = XCBuildConfiguration;
			buildSettings = {
				ASSETCATALOG_COMPILER_APPICON_NAME = AppIcon;
				DEVELOPMENT_TEAM = 3E2QGNXM7N;
				INFOPLIST_FILE = DictionaryIteration/Info.plist;
				LD_RUNPATH_SEARCH_PATHS = "$(inherited) @executable_path/Frameworks";
				PRODUCT_BUNDLE_IDENTIFIER = com.JimCampagno.Swift.DictionaryIteration;
				PRODUCT_NAME = "$(TARGET_NAME)";
				SWIFT_VERSION = 3.0;
			};
			name = Release;
		};
		7D9D21841E12F3DC00655C22 /* Debug */ = {
			isa = XCBuildConfiguration;
			buildSettings = {
				ALWAYS_EMBED_SWIFT_STANDARD_LIBRARIES = YES;
				BUNDLE_LOADER = "$(TEST_HOST)";
				DEVELOPMENT_TEAM = 3E2QGNXM7N;
				INFOPLIST_FILE = DictionaryIterationTests/Info.plist;
				LD_RUNPATH_SEARCH_PATHS = "$(inherited) @executable_path/Frameworks @loader_path/Frameworks";
				PRODUCT_BUNDLE_IDENTIFIER = com.JimCampagno.Swift.DictionaryIterationTests;
				PRODUCT_NAME = "$(TARGET_NAME)";
				SWIFT_VERSION = 3.0;
				TEST_HOST = "$(BUILT_PRODUCTS_DIR)/DictionaryIteration.app/DictionaryIteration";
			};
			name = Debug;
		};
		7D9D21851E12F3DC00655C22 /* Release */ = {
			isa = XCBuildConfiguration;
			buildSettings = {
				ALWAYS_EMBED_SWIFT_STANDARD_LIBRARIES = YES;
				BUNDLE_LOADER = "$(TEST_HOST)";
				DEVELOPMENT_TEAM = 3E2QGNXM7N;
				INFOPLIST_FILE = DictionaryIterationTests/Info.plist;
				LD_RUNPATH_SEARCH_PATHS = "$(inherited) @executable_path/Frameworks @loader_path/Frameworks";
				PRODUCT_BUNDLE_IDENTIFIER = com.JimCampagno.Swift.DictionaryIterationTests;
				PRODUCT_NAME = "$(TARGET_NAME)";
				SWIFT_VERSION = 3.0;
				TEST_HOST = "$(BUILT_PRODUCTS_DIR)/DictionaryIteration.app/DictionaryIteration";
			};
			name = Release;
		};
/* End XCBuildConfiguration section */

/* Begin XCConfigurationList section */
		7D9D215E1E12F3DC00655C22 /* Build configuration list for PBXProject "DictionaryIteration" */ = {
			isa = XCConfigurationList;
			buildConfigurations = (
				7D9D217E1E12F3DC00655C22 /* Debug */,
				7D9D217F1E12F3DC00655C22 /* Release */,
			);
			defaultConfigurationIsVisible = 0;
			defaultConfigurationName = Release;
		};
		7D9D21801E12F3DC00655C22 /* Build configuration list for PBXNativeTarget "DictionaryIteration" */ = {
			isa = XCConfigurationList;
			buildConfigurations = (
				7D9D21811E12F3DC00655C22 /* Debug */,
				7D9D21821E12F3DC00655C22 /* Release */,
			);
			defaultConfigurationIsVisible = 0;
			defaultConfigurationName = Release;
		};
		7D9D21831E12F3DC00655C22 /* Build configuration list for PBXNativeTarget "DictionaryIterationTests" */ = {
			isa = XCConfigurationList;
			buildConfigurations = (
				7D9D21841E12F3DC00655C22 /* Debug */,
				7D9D21851E12F3DC00655C22 /* Release */,
			);
			defaultConfigurationIsVisible = 0;
			defaultConfigurationName = Release;
		};
/* End XCConfigurationList section */
	};
	rootObject = 7D9D215B1E12F3DC00655C22 /* Project object */;
}
